
Microsoft Visual Studio Solution File, Format Version 12.00
# Visual Studio Version 17
VisualStudioVersion = 17.5.33516.290
MinimumVisualStudioVersion = 10.0.40219.1
Project("{8BC9CEB8-8B4A-11D0-8D11-00A0C91BC942}") = "MFCtest01", "MFCtest01\MFCtest01.vcxproj", "{B5E8A679-4F88-4E60-A2CE-C4E7FF4D5979}"
EndProject
Project("{8BC9CEB8-8B4A-11D0-8D11-00A0C91BC942}") = "Dlltest01", "Dlltest01\Dlltest01.vcxproj", "{CF07B29A-8AA2-415C-9896-1C0D4234B40B}"
EndProject
Global
	GlobalSection(SolutionConfigurationPlatforms) = preSolution
		Debug|x64 = Debug|x64
		Debug|x86 = Debug|x86
		Release|x64 = Release|x64
		Release|x86 = Release|x86
	EndGlobalSection
	GlobalSection(ProjectConfigurationPlatforms) = postSolution
		{B5E8A679-4F88-4E60-A2CE-C4E7FF4D5979}.Debug|x64.ActiveCfg = Debug|x64
		{B5E8A679-4F88-4E60-A2CE-C4E7FF4D5979}.Debug|x64.Build.0 = Debug|x64
		{B5E8A679-4F88-4E60-A2CE-C4E7FF4D5979}.Debug|x86.ActiveCfg = Debug|Win32
		{B5E8A679-4F88-4E60-A2CE-C4E7FF4D5979}.Debug|x86.Build.0 = Debug|Win32
		{B5E8A679-4F88-4E60-A2CE-C4E7FF4D5979}.Release|x64.ActiveCfg = Release|x64
		{B5E8A679-4F88-4E60-A2CE-C4E7FF4D5979}.Release|x64.Build.0 = Release|x64
		{B5E8A679-4F88-4E60-A2CE-C4E7FF4D5979}.Release|x86.ActiveCfg = Release|Win32
		{B5E8A679-4F88-4E60-A2CE-C4E7FF4D5979}.Release|x86.Build.0 = Release|Win32
		{CF07B29A-8AA2-415C-9896-1C0D4234B40B}.Debug|x64.ActiveCfg = Debug|x64
		{CF07B29A-8AA2-415C-9896-1C0D4234B40B}.Debug|x64.Build.0 = Debug|x64
		{CF07B29A-8AA2-415C-9896-1C0D4234B40B}.Debug|x86.ActiveCfg = Debug|Win32
		{CF07B29A-8AA2-415C-9896-1C0D4234B40B}.Debug|x86.Build.0 = Debug|Win32
		{CF07B29A-8AA2-415C-9896-1C0D4234B40B}.Release|x64.ActiveCfg = Release|x64
		{CF07B29A-8AA2-415C-9896-1C0D4234B40B}.Release|x64.Build.0 = Release|x64
		{CF07B29A-8AA2-415C-9896-1C0D4234B40B}.Release|x86.ActiveCfg = Release|Win32
		{CF07B29A-8AA2-415C-9896-1C0D4234B40B}.Release|x86.Build.0 = Release|Win32
	EndGlobalSection
	GlobalSection(SolutionProperties) = preSolution
		HideSolutionNode = FALSE
	EndGlobalSection
	GlobalSection(ExtensibilityGlobals) = postSolution
		SolutionGuid = {767B7751-8C87-433D-9902-1AA715C3500E}
	EndGlobalSection
EndGlobal
